Microsoft Visual Studio Solution File, Format Version 12.00
# Visual Studio Version 17
VisualStudioVersion = 17.5.2.0
MinimumVisualStudioVersion = 10.0.40219.1
Project("{FAE04EC0-301F-11D3-BF4B-00C04F79EFBC}") = "AppBlue", "AppBlue.csproj", "{11A5297D-72BD-00BB-AFA1-B788510E83AF}"
EndProject
Global
	GlobalSection(SolutionConfigurationPlatforms) = preSolution
		Debug|Any CPU = Debug|Any CPU
		Release|Any CPU = Release|Any CPU
	EndGlobalSection
	GlobalSection(ProjectConfigurationPlatforms) = postSolution
		{11A5297D-72BD-00BB-AFA1-B788510E83AF}.Debug|Any CPU.ActiveCfg = Debug|Any CPU
		{11A5297D-72BD-00BB-AFA1-B788510E83AF}.Debug|Any CPU.Build.0 = Debug|Any CPU
		{11A5297D-72BD-00BB-AFA1-B788510E83AF}.Release|Any CPU.ActiveCfg = Release|Any CPU
		{11A5297D-72BD-00BB-AFA1-B788510E83AF}.Release|Any CPU.Build.0 = Release|Any CPU
	EndGlobalSection
	GlobalSection(SolutionProperties) = preSolution
		HideSolutionNode = FALSE
	EndGlobalSection
	GlobalSection(ExtensibilityGlobals) = postSolution
		SolutionGuid = {38787758-D9C1-4A34-893C-4E00F2B50D84}
	EndGlobalSection
EndGlobal
